
Microsoft Visual Studio Solution File, Format Version 12.00
# Visual Studio 15
VisualStudioVersion = 15.0.28010.2048
MinimumVisualStudioVersion = 10.0.40219.1
Project("{8BC9CEB8-8B4A-11D0-8D11-00A0C91BC942}") = "79. Word Search", "79. Word Search\79. Word Search.vcxproj", "{CEB51840-1A00-424D-B48A-593D5CF50E99}"
EndProject
Global
	GlobalSection(SolutionConfigurationPlatforms) = preSolution
		Debug|x64 = Debug|x64
		Debug|x86 = Debug|x86
		Release|x64 = Release|x64
		Release|x86 = Release|x86
	EndGlobalSection
	GlobalSection(ProjectConfigurationPlatforms) = postSolution
		{CEB51840-1A00-424D-B48A-593D5CF50E99}.Debug|x64.ActiveCfg = Debug|x64
		{CEB51840-1A00-424D-B48A-593D5CF50E99}.Debug|x64.Build.0 = Debug|x64
		{CEB51840-1A00-424D-B48A-593D5CF50E99}.Debug|x86.ActiveCfg = Debug|Win32
		{CEB51840-1A00-424D-B48A-593D5CF50E99}.Debug|x86.Build.0 = Debug|Win32
		{CEB51840-1A00-424D-B48A-593D5CF50E99}.Release|x64.ActiveCfg = Release|x64
		{CEB51840-1A00-424D-B48A-593D5CF50E99}.Release|x64.Build.0 = Release|x64
		{CEB51840-1A00-424D-B48A-593D5CF50E99}.Release|x86.ActiveCfg = Release|Win32
		{CEB51840-1A00-424D-B48A-593D5CF50E99}.Release|x86.Build.0 = Release|Win32
	EndGlobalSection
	GlobalSection(SolutionProperties) = preSolution
		HideSolutionNode = FALSE
	EndGlobalSection
	GlobalSection(ExtensibilityGlobals) = postSolution
		SolutionGuid = {AEE6598C-B721-43C4-BF7C-FE434AD8D774}
	EndGlobalSection
EndGlobal
