
Microsoft Visual Studio Solution File, Format Version 12.00
# Visual Studio 15
VisualStudioVersion = 15.0.28010.2036
MinimumVisualStudioVersion = 10.0.40219.1
Project("{8BC9CEB8-8B4A-11D0-8D11-00A0C91BC942}") = "35. Search Insert Position", "35. Search Insert Position\35. Search Insert Position.vcxproj", "{58DAB478-6EC2-4C0E-9049-2310EA0772B0}"
EndProject
Global
	GlobalSection(SolutionConfigurationPlatforms) = preSolution
		Debug|x64 = Debug|x64
		Debug|x86 = Debug|x86
		Release|x64 = Release|x64
		Release|x86 = Release|x86
	EndGlobalSection
	GlobalSection(ProjectConfigurationPlatforms) = postSolution
		{58DAB478-6EC2-4C0E-9049-2310EA0772B0}.Debug|x64.ActiveCfg = Debug|x64
		{58DAB478-6EC2-4C0E-9049-2310EA0772B0}.Debug|x64.Build.0 = Debug|x64
		{58DAB478-6EC2-4C0E-9049-2310EA0772B0}.Debug|x86.ActiveCfg = Debug|Win32
		{58DAB478-6EC2-4C0E-9049-2310EA0772B0}.Debug|x86.Build.0 = Debug|Win32
		{58DAB478-6EC2-4C0E-9049-2310EA0772B0}.Release|x64.ActiveCfg = Release|x64
		{58DAB478-6EC2-4C0E-9049-2310EA0772B0}.Release|x64.Build.0 = Release|x64
		{58DAB478-6EC2-4C0E-9049-2310EA0772B0}.Release|x86.ActiveCfg = Release|Win32
		{58DAB478-6EC2-4C0E-9049-2310EA0772B0}.Release|x86.Build.0 = Release|Win32
	EndGlobalSection
	GlobalSection(SolutionProperties) = preSolution
		HideSolutionNode = FALSE
	EndGlobalSection
	GlobalSection(ExtensibilityGlobals) = postSolution
		SolutionGuid = {A4576096-D39D-4462-8D5D-A1E93BF426FF}
	EndGlobalSection
EndGlobal
