
Microsoft Visual Studio Solution File, Format Version 12.00
# Visual Studio 15
VisualStudioVersion = 15.0.28010.2048
MinimumVisualStudioVersion = 10.0.40219.1
Project("{8BC9CEB8-8B4A-11D0-8D11-00A0C91BC942}") = "84. Largest Rectangle in Histogram", "84. Largest Rectangle in Histogram\84. Largest Rectangle in Histogram.vcxproj", "{15876E51-84A0-404D-8E5C-E2287A13BD60}"
EndProject
Global
	GlobalSection(SolutionConfigurationPlatforms) = preSolution
		Debug|x64 = Debug|x64
		Debug|x86 = Debug|x86
		Release|x64 = Release|x64
		Release|x86 = Release|x86
	EndGlobalSection
	GlobalSection(ProjectConfigurationPlatforms) = postSolution
		{15876E51-84A0-404D-8E5C-E2287A13BD60}.Debug|x64.ActiveCfg = Debug|x64
		{15876E51-84A0-404D-8E5C-E2287A13BD60}.Debug|x64.Build.0 = Debug|x64
		{15876E51-84A0-404D-8E5C-E2287A13BD60}.Debug|x86.ActiveCfg = Debug|Win32
		{15876E51-84A0-404D-8E5C-E2287A13BD60}.Debug|x86.Build.0 = Debug|Win32
		{15876E51-84A0-404D-8E5C-E2287A13BD60}.Release|x64.ActiveCfg = Release|x64
		{15876E51-84A0-404D-8E5C-E2287A13BD60}.Release|x64.Build.0 = Release|x64
		{15876E51-84A0-404D-8E5C-E2287A13BD60}.Release|x86.ActiveCfg = Release|Win32
		{15876E51-84A0-404D-8E5C-E2287A13BD60}.Release|x86.Build.0 = Release|Win32
	EndGlobalSection
	GlobalSection(SolutionProperties) = preSolution
		HideSolutionNode = FALSE
	EndGlobalSection
	GlobalSection(ExtensibilityGlobals) = postSolution
		SolutionGuid = {CF54E4F7-87CF-47D0-8CE3-1A34ABABACC5}
	EndGlobalSection
EndGlobal
