
Microsoft Visual Studio Solution File, Format Version 12.00
# Visual Studio 15
VisualStudioVersion = 15.0.28010.2016
MinimumVisualStudioVersion = 10.0.40219.1
Project("{8BC9CEB8-8B4A-11D0-8D11-00A0C91BC942}") = "21. Merge Two Sorted Lists", "21. Merge Two Sorted Lists\21. Merge Two Sorted Lists.vcxproj", "{13B3C1E6-3D08-45F0-B362-B862C3A05D9C}"
EndProject
Global
	GlobalSection(SolutionConfigurationPlatforms) = preSolution
		Debug|x64 = Debug|x64
		Debug|x86 = Debug|x86
		Release|x64 = Release|x64
		Release|x86 = Release|x86
	EndGlobalSection
	GlobalSection(ProjectConfigurationPlatforms) = postSolution
		{13B3C1E6-3D08-45F0-B362-B862C3A05D9C}.Debug|x64.ActiveCfg = Debug|x64
		{13B3C1E6-3D08-45F0-B362-B862C3A05D9C}.Debug|x64.Build.0 = Debug|x64
		{13B3C1E6-3D08-45F0-B362-B862C3A05D9C}.Debug|x86.ActiveCfg = Debug|Win32
		{13B3C1E6-3D08-45F0-B362-B862C3A05D9C}.Debug|x86.Build.0 = Debug|Win32
		{13B3C1E6-3D08-45F0-B362-B862C3A05D9C}.Release|x64.ActiveCfg = Release|x64
		{13B3C1E6-3D08-45F0-B362-B862C3A05D9C}.Release|x64.Build.0 = Release|x64
		{13B3C1E6-3D08-45F0-B362-B862C3A05D9C}.Release|x86.ActiveCfg = Release|Win32
		{13B3C1E6-3D08-45F0-B362-B862C3A05D9C}.Release|x86.Build.0 = Release|Win32
	EndGlobalSection
	GlobalSection(SolutionProperties) = preSolution
		HideSolutionNode = FALSE
	EndGlobalSection
	GlobalSection(ExtensibilityGlobals) = postSolution
		SolutionGuid = {E49BE3BD-1FDE-42BE-8D6B-71414864B43D}
	EndGlobalSection
EndGlobal
