
Microsoft Visual Studio Solution File, Format Version 12.00
# Visual Studio 15
VisualStudioVersion = 15.0.28010.2036
MinimumVisualStudioVersion = 10.0.40219.1
Project("{8BC9CEB8-8B4A-11D0-8D11-00A0C91BC942}") = "36. Valid Sudoku", "36. Valid Sudoku\36. Valid Sudoku.vcxproj", "{F234245D-686F-43A5-B2F4-CEFB56F8D534}"
EndProject
Global
	GlobalSection(SolutionConfigurationPlatforms) = preSolution
		Debug|x64 = Debug|x64
		Debug|x86 = Debug|x86
		Release|x64 = Release|x64
		Release|x86 = Release|x86
	EndGlobalSection
	GlobalSection(ProjectConfigurationPlatforms) = postSolution
		{F234245D-686F-43A5-B2F4-CEFB56F8D534}.Debug|x64.ActiveCfg = Debug|x64
		{F234245D-686F-43A5-B2F4-CEFB56F8D534}.Debug|x64.Build.0 = Debug|x64
		{F234245D-686F-43A5-B2F4-CEFB56F8D534}.Debug|x86.ActiveCfg = Debug|Win32
		{F234245D-686F-43A5-B2F4-CEFB56F8D534}.Debug|x86.Build.0 = Debug|Win32
		{F234245D-686F-43A5-B2F4-CEFB56F8D534}.Release|x64.ActiveCfg = Release|x64
		{F234245D-686F-43A5-B2F4-CEFB56F8D534}.Release|x64.Build.0 = Release|x64
		{F234245D-686F-43A5-B2F4-CEFB56F8D534}.Release|x86.ActiveCfg = Release|Win32
		{F234245D-686F-43A5-B2F4-CEFB56F8D534}.Release|x86.Build.0 = Release|Win32
	EndGlobalSection
	GlobalSection(SolutionProperties) = preSolution
		HideSolutionNode = FALSE
	EndGlobalSection
	GlobalSection(ExtensibilityGlobals) = postSolution
		SolutionGuid = {DE909A17-EEFB-454B-A489-F4DCDEC29F85}
	EndGlobalSection
EndGlobal
