
Microsoft Visual Studio Solution File, Format Version 12.00
# Visual Studio 15
VisualStudioVersion = 15.0.28010.2016
MinimumVisualStudioVersion = 10.0.40219.1
Project("{8BC9CEB8-8B4A-11D0-8D11-00A0C91BC942}") = "12. Integer to Roman", "12. Integer to Roman\12. Integer to Roman.vcxproj", "{86DEF789-7F2E-4EE6-93A6-4E510E979866}"
EndProject
Global
	GlobalSection(SolutionConfigurationPlatforms) = preSolution
		Debug|x64 = Debug|x64
		Debug|x86 = Debug|x86
		Release|x64 = Release|x64
		Release|x86 = Release|x86
	EndGlobalSection
	GlobalSection(ProjectConfigurationPlatforms) = postSolution
		{86DEF789-7F2E-4EE6-93A6-4E510E979866}.Debug|x64.ActiveCfg = Debug|x64
		{86DEF789-7F2E-4EE6-93A6-4E510E979866}.Debug|x64.Build.0 = Debug|x64
		{86DEF789-7F2E-4EE6-93A6-4E510E979866}.Debug|x86.ActiveCfg = Debug|Win32
		{86DEF789-7F2E-4EE6-93A6-4E510E979866}.Debug|x86.Build.0 = Debug|Win32
		{86DEF789-7F2E-4EE6-93A6-4E510E979866}.Release|x64.ActiveCfg = Release|x64
		{86DEF789-7F2E-4EE6-93A6-4E510E979866}.Release|x64.Build.0 = Release|x64
		{86DEF789-7F2E-4EE6-93A6-4E510E979866}.Release|x86.ActiveCfg = Release|Win32
		{86DEF789-7F2E-4EE6-93A6-4E510E979866}.Release|x86.Build.0 = Release|Win32
	EndGlobalSection
	GlobalSection(SolutionProperties) = preSolution
		HideSolutionNode = FALSE
	EndGlobalSection
	GlobalSection(ExtensibilityGlobals) = postSolution
		SolutionGuid = {6A39B0EB-54FD-4A3A-AB9D-09E8FDCB23E0}
	EndGlobalSection
EndGlobal
