
Microsoft Visual Studio Solution File, Format Version 12.00
# Visual Studio 15
VisualStudioVersion = 15.0.28010.2036
MinimumVisualStudioVersion = 10.0.40219.1
Project("{8BC9CEB8-8B4A-11D0-8D11-00A0C91BC942}") = "45. Jump Game II", "45. Jump Game II\45. Jump Game II.vcxproj", "{CF909520-5678-4DE6-B827-8A035DFC3D79}"
EndProject
Global
	GlobalSection(SolutionConfigurationPlatforms) = preSolution
		Debug|x64 = Debug|x64
		Debug|x86 = Debug|x86
		Release|x64 = Release|x64
		Release|x86 = Release|x86
	EndGlobalSection
	GlobalSection(ProjectConfigurationPlatforms) = postSolution
		{CF909520-5678-4DE6-B827-8A035DFC3D79}.Debug|x64.ActiveCfg = Debug|x64
		{CF909520-5678-4DE6-B827-8A035DFC3D79}.Debug|x64.Build.0 = Debug|x64
		{CF909520-5678-4DE6-B827-8A035DFC3D79}.Debug|x86.ActiveCfg = Debug|Win32
		{CF909520-5678-4DE6-B827-8A035DFC3D79}.Debug|x86.Build.0 = Debug|Win32
		{CF909520-5678-4DE6-B827-8A035DFC3D79}.Release|x64.ActiveCfg = Release|x64
		{CF909520-5678-4DE6-B827-8A035DFC3D79}.Release|x64.Build.0 = Release|x64
		{CF909520-5678-4DE6-B827-8A035DFC3D79}.Release|x86.ActiveCfg = Release|Win32
		{CF909520-5678-4DE6-B827-8A035DFC3D79}.Release|x86.Build.0 = Release|Win32
	EndGlobalSection
	GlobalSection(SolutionProperties) = preSolution
		HideSolutionNode = FALSE
	EndGlobalSection
	GlobalSection(ExtensibilityGlobals) = postSolution
		SolutionGuid = {2C6CA960-DFD9-4C17-8BE7-C25E19DCE73D}
	EndGlobalSection
EndGlobal
